
Microsoft Visual Studio Solution File, Format Version 12.00
# Visual Studio Version 17
VisualStudioVersion = 17.12.35527.113
MinimumVisualStudioVersion = 10.0.40219.1
Project("{FAE04EC0-301F-11D3-BF4B-00C04F79EFBC}") = "LibAmong3", "LibAmong3\LibAmong3.csproj", "{99CECE2B-9143-4CE9-9399-792A02C34B4A}"
EndProject
Project("{FAE04EC0-301F-11D3-BF4B-00C04F79EFBC}") = "LibAmong3.Tests", "LibAmong3.Tests\LibAmong3.Tests.csproj", "{58D8901C-83C3-4568-92C7-35822519970C}"
EndProject
Project("{FAE04EC0-301F-11D3-BF4B-00C04F79EFBC}") = "IsArm64x", "IsArm64x\IsArm64x.csproj", "{F56274F4-1905-4BCD-9365-CD3073FA458F}"
EndProject
Project("{FAE04EC0-301F-11D3-BF4B-00C04F79EFBC}") = "Arm64XDualObjCL", "Arm64XDualObjCL\Arm64XDualObjCL.csproj", "{D59D1BCB-FA78-4FFC-8E23-CB125449D6FA}"
EndProject
Project("{FAE04EC0-301F-11D3-BF4B-00C04F79EFBC}") = "Arm64XDualObjLIB", "Arm64XDualObjLIB\Arm64XDualObjLIB.csproj", "{2E1BF672-B457-4934-9800-649DB2586B43}"
EndProject
Project("{FAE04EC0-301F-11D3-BF4B-00C04F79EFBC}") = "Arm64XDualObjLINK", "Arm64XDualObjLINK\Arm64XDualObjLINK.csproj", "{ADE96C0F-CA9E-44F4-B64B-F2AF0DA4C2B5}"
EndProject
Project("{FAE04EC0-301F-11D3-BF4B-00C04F79EFBC}") = "Arm64XSingleLibCL", "Arm64XSingleLibCL\Arm64XSingleLibCL.csproj", "{A01D12FD-BCA9-4173-B9AA-7FDA67DA52F5}"
EndProject
Project("{FAE04EC0-301F-11D3-BF4B-00C04F79EFBC}") = "Arm64XSingleLibLIB", "Arm64XSingleLibLIB\Arm64XSingleLibLIB.csproj", "{8C6A2598-88FA-4DDB-B173-F19BDD6A812E}"
EndProject
Project("{FAE04EC0-301F-11D3-BF4B-00C04F79EFBC}") = "Arm64XSingleLibLINK", "Arm64XSingleLibLINK\Arm64XSingleLibLINK.csproj", "{D50F8228-B22A-4D5B-BE03-3144C102E5D2}"
EndProject
Global
	GlobalSection(SolutionConfigurationPlatforms) = preSolution
		Debug|Any CPU = Debug|Any CPU
		Release|Any CPU = Release|Any CPU
	EndGlobalSection
	GlobalSection(ProjectConfigurationPlatforms) = postSolution
		{99CECE2B-9143-4CE9-9399-792A02C34B4A}.Debug|Any CPU.ActiveCfg = Debug|Any CPU
		{99CECE2B-9143-4CE9-9399-792A02C34B4A}.Debug|Any CPU.Build.0 = Debug|Any CPU
		{99CECE2B-9143-4CE9-9399-792A02C34B4A}.Release|Any CPU.ActiveCfg = Release|Any CPU
		{99CECE2B-9143-4CE9-9399-792A02C34B4A}.Release|Any CPU.Build.0 = Release|Any CPU
		{58D8901C-83C3-4568-92C7-35822519970C}.Debug|Any CPU.ActiveCfg = Debug|Any CPU
		{58D8901C-83C3-4568-92C7-35822519970C}.Debug|Any CPU.Build.0 = Debug|Any CPU
		{58D8901C-83C3-4568-92C7-35822519970C}.Release|Any CPU.ActiveCfg = Release|Any CPU
		{58D8901C-83C3-4568-92C7-35822519970C}.Release|Any CPU.Build.0 = Release|Any CPU
		{F56274F4-1905-4BCD-9365-CD3073FA458F}.Debug|Any CPU.ActiveCfg = Debug|Any CPU
		{F56274F4-1905-4BCD-9365-CD3073FA458F}.Debug|Any CPU.Build.0 = Debug|Any CPU
		{F56274F4-1905-4BCD-9365-CD3073FA458F}.Release|Any CPU.ActiveCfg = Release|Any CPU
		{F56274F4-1905-4BCD-9365-CD3073FA458F}.Release|Any CPU.Build.0 = Release|Any CPU
		{D59D1BCB-FA78-4FFC-8E23-CB125449D6FA}.Debug|Any CPU.ActiveCfg = Debug|Any CPU
		{D59D1BCB-FA78-4FFC-8E23-CB125449D6FA}.Debug|Any CPU.Build.0 = Debug|Any CPU
		{D59D1BCB-FA78-4FFC-8E23-CB125449D6FA}.Release|Any CPU.ActiveCfg = Release|Any CPU
		{D59D1BCB-FA78-4FFC-8E23-CB125449D6FA}.Release|Any CPU.Build.0 = Release|Any CPU
		{2E1BF672-B457-4934-9800-649DB2586B43}.Debug|Any CPU.ActiveCfg = Debug|Any CPU
		{2E1BF672-B457-4934-9800-649DB2586B43}.Debug|Any CPU.Build.0 = Debug|Any CPU
		{2E1BF672-B457-4934-9800-649DB2586B43}.Release|Any CPU.ActiveCfg = Release|Any CPU
		{2E1BF672-B457-4934-9800-649DB2586B43}.Release|Any CPU.Build.0 = Release|Any CPU
		{ADE96C0F-CA9E-44F4-B64B-F2AF0DA4C2B5}.Debug|Any CPU.ActiveCfg = Debug|Any CPU
		{ADE96C0F-CA9E-44F4-B64B-F2AF0DA4C2B5}.Debug|Any CPU.Build.0 = Debug|Any CPU
		{ADE96C0F-CA9E-44F4-B64B-F2AF0DA4C2B5}.Release|Any CPU.ActiveCfg = Release|Any CPU
		{ADE96C0F-CA9E-44F4-B64B-F2AF0DA4C2B5}.Release|Any CPU.Build.0 = Release|Any CPU
		{A01D12FD-BCA9-4173-B9AA-7FDA67DA52F5}.Debug|Any CPU.ActiveCfg = Debug|Any CPU
		{A01D12FD-BCA9-4173-B9AA-7FDA67DA52F5}.Debug|Any CPU.Build.0 = Debug|Any CPU
		{A01D12FD-BCA9-4173-B9AA-7FDA67DA52F5}.Release|Any CPU.ActiveCfg = Release|Any CPU
		{A01D12FD-BCA9-4173-B9AA-7FDA67DA52F5}.Release|Any CPU.Build.0 = Release|Any CPU
		{8C6A2598-88FA-4DDB-B173-F19BDD6A812E}.Debug|Any CPU.ActiveCfg = Debug|Any CPU
		{8C6A2598-88FA-4DDB-B173-F19BDD6A812E}.Debug|Any CPU.Build.0 = Debug|Any CPU
		{8C6A2598-88FA-4DDB-B173-F19BDD6A812E}.Release|Any CPU.ActiveCfg = Release|Any CPU
		{8C6A2598-88FA-4DDB-B173-F19BDD6A812E}.Release|Any CPU.Build.0 = Release|Any CPU
		{D50F8228-B22A-4D5B-BE03-3144C102E5D2}.Debug|Any CPU.ActiveCfg = Debug|Any CPU
		{D50F8228-B22A-4D5B-BE03-3144C102E5D2}.Debug|Any CPU.Build.0 = Debug|Any CPU
		{D50F8228-B22A-4D5B-BE03-3144C102E5D2}.Release|Any CPU.ActiveCfg = Release|Any CPU
		{D50F8228-B22A-4D5B-BE03-3144C102E5D2}.Release|Any CPU.Build.0 = Release|Any CPU
	EndGlobalSection
	GlobalSection(SolutionProperties) = preSolution
		HideSolutionNode = FALSE
	EndGlobalSection
EndGlobal
